
Microsoft Visual Studio Solution File, Format Version 12.00
# Visual Studio Version 17
VisualStudioVersion = 17.0.31903.59
MinimumVisualStudioVersion = 10.0.40219.1
Project("{2150E333-8FDC-42A3-9474-1A3956D46DE8}") = "src", "src", "{827E0CD3-B72D-47B6-A68D-7590B98EB39B}"
EndProject
Project("{FAE04EC0-301F-11D3-BF4B-00C04F79EFBC}") = "Scout.Core", "src\Scout.Core\Scout.Core.csproj", "{1EB8315D-1769-42DC-8932-75B34290706D}"
EndProject
Project("{FAE04EC0-301F-11D3-BF4B-00C04F79EFBC}") = "Scout.Storage", "src\Scout.Storage\Scout.Storage.csproj", "{79A61495-AD60-4C8C-905F-EC7D7EE27EF9}"
EndProject
Project("{FAE04EC0-301F-11D3-BF4B-00C04F79EFBC}") = "Scout.Windows", "src\Scout.Windows\Scout.Windows.csproj", "{290DF434-E2E9-4774-9951-4E69EA2C12D9}"
EndProject
Project("{2150E333-8FDC-42A3-9474-1A3956D46DE8}") = "tools", "tools", "{07C2787E-EAC7-C090-1BA3-A61EC2A24D84}"
EndProject
Project("{FAE04EC0-301F-11D3-BF4B-00C04F79EFBC}") = "Scout.Seeder", "tools\Scout.Seeder\Scout.Seeder.csproj", "{52ABD426-0B2A-4332-8B11-6E444A9A3847}"
EndProject
Project("{2150E333-8FDC-42A3-9474-1A3956D46DE8}") = "tests", "tests", "{0AB3BF05-4346-4AA6-1389-037BE0695223}"
EndProject
Project("{FAE04EC0-301F-11D3-BF4B-00C04F79EFBC}") = "Scout.Tests", "tests\Scout.Tests\Scout.Tests.csproj", "{7A2C1418-611F-443B-987D-275C749D0E76}"
EndProject
Global
	GlobalSection(SolutionConfigurationPlatforms) = preSolution
		Debug|Any CPU = Debug|Any CPU
		Debug|x64 = Debug|x64
		Debug|x86 = Debug|x86
		Release|Any CPU = Release|Any CPU
		Release|x64 = Release|x64
		Release|x86 = Release|x86
	EndGlobalSection
	GlobalSection(ProjectConfigurationPlatforms) = postSolution
		{1EB8315D-1769-42DC-8932-75B34290706D}.Debug|Any CPU.ActiveCfg = Debug|Any CPU
		{1EB8315D-1769-42DC-8932-75B34290706D}.Debug|Any CPU.Build.0 = Debug|Any CPU
		{1EB8315D-1769-42DC-8932-75B34290706D}.Debug|x64.ActiveCfg = Debug|Any CPU
		{1EB8315D-1769-42DC-8932-75B34290706D}.Debug|x64.Build.0 = Debug|Any CPU
		{1EB8315D-1769-42DC-8932-75B34290706D}.Debug|x86.ActiveCfg = Debug|Any CPU
		{1EB8315D-1769-42DC-8932-75B34290706D}.Debug|x86.Build.0 = Debug|Any CPU
		{1EB8315D-1769-42DC-8932-75B34290706D}.Release|Any CPU.ActiveCfg = Release|Any CPU
		{1EB8315D-1769-42DC-8932-75B34290706D}.Release|Any CPU.Build.0 = Release|Any CPU
		{1EB8315D-1769-42DC-8932-75B34290706D}.Release|x64.ActiveCfg = Release|Any CPU
		{1EB8315D-1769-42DC-8932-75B34290706D}.Release|x64.Build.0 = Release|Any CPU
		{1EB8315D-1769-42DC-8932-75B34290706D}.Release|x86.ActiveCfg = Release|Any CPU
		{1EB8315D-1769-42DC-8932-75B34290706D}.Release|x86.Build.0 = Release|Any CPU
		{79A61495-AD60-4C8C-905F-EC7D7EE27EF9}.Debug|Any CPU.ActiveCfg = Debug|Any CPU
		{79A61495-AD60-4C8C-905F-EC7D7EE27EF9}.Debug|Any CPU.Build.0 = Debug|Any CPU
		{79A61495-AD60-4C8C-905F-EC7D7EE27EF9}.Debug|x64.ActiveCfg = Debug|Any CPU
		{79A61495-AD60-4C8C-905F-EC7D7EE27EF9}.Debug|x64.Build.0 = Debug|Any CPU
		{79A61495-AD60-4C8C-905F-EC7D7EE27EF9}.Debug|x86.ActiveCfg = Debug|Any CPU
		{79A61495-AD60-4C8C-905F-EC7D7EE27EF9}.Debug|x86.Build.0 = Debug|Any CPU
		{79A61495-AD60-4C8C-905F-EC7D7EE27EF9}.Release|Any CPU.ActiveCfg = Release|Any CPU
		{79A61495-AD60-4C8C-905F-EC7D7EE27EF9}.Release|Any CPU.Build.0 = Release|Any CPU
		{79A61495-AD60-4C8C-905F-EC7D7EE27EF9}.Release|x64.ActiveCfg = Release|Any CPU
		{79A61495-AD60-4C8C-905F-EC7D7EE27EF9}.Release|x64.Build.0 = Release|Any CPU
		{79A61495-AD60-4C8C-905F-EC7D7EE27EF9}.Release|x86.ActiveCfg = Release|Any CPU
		{79A61495-AD60-4C8C-905F-EC7D7EE27EF9}.Release|x86.Build.0 = Release|Any CPU
		{290DF434-E2E9-4774-9951-4E69EA2C12D9}.Debug|Any CPU.ActiveCfg = Debug|Any CPU
		{290DF434-E2E9-4774-9951-4E69EA2C12D9}.Debug|Any CPU.Build.0 = Debug|Any CPU
		{290DF434-E2E9-4774-9951-4E69EA2C12D9}.Debug|x64.ActiveCfg = Debug|Any CPU
		{290DF434-E2E9-4774-9951-4E69EA2C12D9}.Debug|x64.Build.0 = Debug|Any CPU
		{290DF434-E2E9-4774-9951-4E69EA2C12D9}.Debug|x86.ActiveCfg = Debug|Any CPU
		{290DF434-E2E9-4774-9951-4E69EA2C12D9}.Debug|x86.Build.0 = Debug|Any CPU
		{290DF434-E2E9-4774-9951-4E69EA2C12D9}.Release|Any CPU.ActiveCfg = Release|Any CPU
		{290DF434-E2E9-4774-9951-4E69EA2C12D9}.Release|Any CPU.Build.0 = Release|Any CPU
		{290DF434-E2E9-4774-9951-4E69EA2C12D9}.Release|x64.ActiveCfg = Release|Any CPU
		{290DF434-E2E9-4774-9951-4E69EA2C12D9}.Release|x64.Build.0 = Release|Any CPU
		{290DF434-E2E9-4774-9951-4E69EA2C12D9}.Release|x86.ActiveCfg = Release|Any CPU
		{290DF434-E2E9-4774-9951-4E69EA2C12D9}.Release|x86.Build.0 = Release|Any CPU
		{52ABD426-0B2A-4332-8B11-6E444A9A3847}.Debug|Any CPU.ActiveCfg = Debug|Any CPU
		{52ABD426-0B2A-4332-8B11-6E444A9A3847}.Debug|Any CPU.Build.0 = Debug|Any CPU
		{52ABD426-0B2A-4332-8B11-6E444A9A3847}.Debug|x64.ActiveCfg = Debug|Any CPU
		{52ABD426-0B2A-4332-8B11-6E444A9A3847}.Debug|x64.Build.0 = Debug|Any CPU
		{52ABD426-0B2A-4332-8B11-6E444A9A3847}.Debug|x86.ActiveCfg = Debug|Any CPU
		{52ABD426-0B2A-4332-8B11-6E444A9A3847}.Debug|x86.Build.0 = Debug|Any CPU
		{52ABD426-0B2A-4332-8B11-6E444A9A3847}.Release|Any CPU.ActiveCfg = Release|Any CPU
		{52ABD426-0B2A-4332-8B11-6E444A9A3847}.Release|Any CPU.Build.0 = Release|Any CPU
		{52ABD426-0B2A-4332-8B11-6E444A9A3847}.Release|x64.ActiveCfg = Release|Any CPU
		{52ABD426-0B2A-4332-8B11-6E444A9A3847}.Release|x64.Build.0 = Release|Any CPU
		{52ABD426-0B2A-4332-8B11-6E444A9A3847}.Release|x86.ActiveCfg = Release|Any CPU
		{52ABD426-0B2A-4332-8B11-6E444A9A3847}.Release|x86.Build.0 = Release|Any CPU
		{7A2C1418-611F-443B-987D-275C749D0E76}.Debug|Any CPU.ActiveCfg = Debug|Any CPU
		{7A2C1418-611F-443B-987D-275C749D0E76}.Debug|Any CPU.Build.0 = Debug|Any CPU
		{7A2C1418-611F-443B-987D-275C749D0E76}.Debug|x64.ActiveCfg = Debug|Any CPU
		{7A2C1418-611F-443B-987D-275C749D0E76}.Debug|x64.Build.0 = Debug|Any CPU
		{7A2C1418-611F-443B-987D-275C749D0E76}.Debug|x86.ActiveCfg = Debug|Any CPU
		{7A2C1418-611F-443B-987D-275C749D0E76}.Debug|x86.Build.0 = Debug|Any CPU
		{7A2C1418-611F-443B-987D-275C749D0E76}.Release|Any CPU.ActiveCfg = Release|Any CPU
		{7A2C1418-611F-443B-987D-275C749D0E76}.Release|Any CPU.Build.0 = Release|Any CPU
		{7A2C1418-611F-443B-987D-275C749D0E76}.Release|x64.ActiveCfg = Release|Any CPU
		{7A2C1418-611F-443B-987D-275C749D0E76}.Release|x64.Build.0 = Release|Any CPU
		{7A2C1418-611F-443B-987D-275C749D0E76}.Release|x86.ActiveCfg = Release|Any CPU
		{7A2C1418-611F-443B-987D-275C749D0E76}.Release|x86.Build.0 = Release|Any CPU
	EndGlobalSection
	GlobalSection(SolutionProperties) = preSolution
		HideSolutionNode = FALSE
	EndGlobalSection
	GlobalSection(NestedProjects) = preSolution
		{1EB8315D-1769-42DC-8932-75B34290706D} = {827E0CD3-B72D-47B6-A68D-7590B98EB39B}
		{79A61495-AD60-4C8C-905F-EC7D7EE27EF9} = {827E0CD3-B72D-47B6-A68D-7590B98EB39B}
		{290DF434-E2E9-4774-9951-4E69EA2C12D9} = {827E0CD3-B72D-47B6-A68D-7590B98EB39B}
		{52ABD426-0B2A-4332-8B11-6E444A9A3847} = {07C2787E-EAC7-C090-1BA3-A61EC2A24D84}
		{7A2C1418-611F-443B-987D-275C749D0E76} = {0AB3BF05-4346-4AA6-1389-037BE0695223}
	EndGlobalSection
EndGlobal
